{
  "name": "business-card-mall",
  "version": "1.0.0",
  "lockfileVersion": 1,
  "requires": true,
  "dependencies": {
    "@types/node": {
      "version": "8.10.61",
      "resolved": "https://registry.npmjs.org/@types/node/-/node-8.10.61.tgz",
      "integrity": "sha512-l+zSbvT8TPRaCxL1l9cwHCb0tSqGAGcjPJFItGGYat5oCTiq1uQQKYg5m7AF1mgnEBzFXGLJ2LRmNjtreRX76Q=="
    },
    "bankcardinfo": {
      "version": "2.0.4",
      "resolved": "https://registry.npmjs.org/bankcardinfo/-/bankcardinfo-2.0.4.tgz",
      "integrity": "sha512-XbRPBlBC5s3GiavuxuA2BqS8sTo6prDpeaNHuw7iAp9WB00fp0vYLw1HWZL1SkrHogXq4P3RjF4JvlXiu0Z9SA==",
      "requires": {
        "bluebird": "^3.4.1"
      }
    },
    "big.js": {
      "version": "5.2.2",
      "resolved": "https://registry.npmjs.org/big.js/-/big.js-5.2.2.tgz",
      "integrity": "sha512-vyL2OymJxmarO8gxMr0mhChsO9QGwhynfuu4+MHTAW6czfq9humCB7rKpUjDd9YUiDPU4mzpyupFSvOClAwbmQ=="
    },
    "bluebird": {
      "version": "3.5.3",
      "resolved": "https://registry.npmjs.org/bluebird/-/bluebird-3.5.3.tgz",
      "integrity": "sha512-/qKPUQlaW1OyR51WeCPBvRnAlnZFUJkCSG5HzGnuIqhgyJtF+T94lFnn33eiazjRm2LAHVy2guNnaq48X9SJuw=="
    },
    "date-fns": {
      "version": "1.30.1",
      "resolved": "https://registry.npmjs.org/date-fns/-/date-fns-1.30.1.tgz",
      "integrity": "sha512-hBSVCvSmWC+QypYObzwGOd9wqdDpOt+0wl0KbU+R+uuZBS1jN8VsD1ss3irQDknRj5NvxiTF6oj/nDRnN/UQNw=="
    },
    "echarts": {
      "version": "4.2.0-rc.2",
      "resolved": "https://registry.npmjs.org/echarts/-/echarts-4.2.0-rc.2.tgz",
      "integrity": "sha512-5Y4Kyi4eNsRM9Cnl7Q8C6PFVjznBJv1VIiMm/VSQ9zyqeo+ce1695GqUd9v4zfVx+Ow1gnwMJX67h0FNvarScw==",
      "requires": {
        "zrender": "4.0.5"
      }
    },
    "event-bus-station": {
      "version": "1.0.0",
      "resolved": "https://registry.npmjs.org/event-bus-station/-/event-bus-station-1.0.0.tgz",
      "integrity": "sha512-U+fbXHb6sW8RssxuggxRGw2AWOnyWSfwtYIiVOW30L8Sz1FOF9L66x8d9QVoOzaevgOtwYXfaLl0RXDGtoBbQg==",
      "requires": {
        "@types/node": "^8.0.47"
      }
    },
    "im-live-sells": {
      "version": "1.0.16",
      "resolved": "https://registry.npmjs.org/im-live-sells/-/im-live-sells-1.0.16.tgz",
      "integrity": "sha512-y06M3mkUiIO5fOU8se77pMMbybZqiqNtoZwJyQhoVdcUcJ1mS/QK/Vn7MiYgnWVpKvRo89fFFN5IbhiJoOVG8w==",
      "requires": {
        "event-bus-station": "^1.0.0",
        "js-event-bus": "^1.0.1",
        "tim-js-sdk": "^2.6.2",
        "tim-wx-sdk": "^2.6.2"
      }
    },
    "js-event-bus": {
      "version": "1.0.3",
      "resolved": "https://registry.npmjs.org/js-event-bus/-/js-event-bus-1.0.3.tgz",
      "integrity": "sha512-SNXH75Y84a6FE8U03OUNL4WyBsmcmNSgMz1UhBkekwbMCPRbJfEu5OxzEwhW0TVgsrxclwSskb7UZeP7VfzheA=="
    },
    "kuan-vue-waterfall": {
      "version": "1.0.7",
      "resolved": "https://registry.npmjs.org/kuan-vue-waterfall/-/kuan-vue-waterfall-1.0.7.tgz",
      "integrity": "sha512-Wj5aVdSYAcQkP2akwpB8tvvOhH+FhhhPtWHXKIXtP4gFOE87IGDZ2B7XH/BjqvAMpaKrUKxFVxGpQD4CuADdHg==",
      "requires": {
        "vue": "^2.5.16",
        "webpack-node-externals": "^1.7.2"
      }
    },
    "long": {
      "version": "4.0.0",
      "resolved": "https://registry.npmjs.org/long/-/long-4.0.0.tgz",
      "integrity": "sha512-XsP+KhQif4bjX1kbuSiySJFNAehNxgLb6hPRGJ9QsUr8ajHkuXGdrHmFUTUUXhDwVX2R5bY4JNZEwbUiMhV+MA=="
    },
    "qs": {
      "version": "6.6.0",
      "resolved": "https://registry.npmjs.org/qs/-/qs-6.6.0.tgz",
      "integrity": "sha512-KIJqT9jQJDQx5h5uAVPimw6yVg2SekOKu959OCtktD3FjzbpvaPr8i4zzg07DOMz+igA4W/aNM7OV8H37pFYfA=="
    },
    "tim-js-sdk": {
      "version": "2.6.5",
      "resolved": "https://registry.npmjs.org/tim-js-sdk/-/tim-js-sdk-2.6.5.tgz",
      "integrity": "sha512-0moYvq8BeaOucE+ni0pWtbBNvgURWy2vCyaHq8yc/Ip2QjdWc1UBVaoitRCgD0wTaOMnDhEhgV2c/qzXLpf9rw=="
    },
    "tim-wx-sdk": {
      "version": "2.6.5",
      "resolved": "https://registry.npmjs.org/tim-wx-sdk/-/tim-wx-sdk-2.6.5.tgz",
      "integrity": "sha512-xH/58CNgPo7hh37dC4Yfnagw/7vvcJ6/EP+3r7WxSKifCK0NTzzkfn17b1TlhhbPEe2cpLgypq2Xk7gzWdVbVw=="
    },
    "vue": {
      "version": "2.5.22",
      "resolved": "https://registry.npmjs.org/vue/-/vue-2.5.22.tgz",
      "integrity": "sha512-pxY3ZHlXNJMFQbkjEgGVMaMMkSV1ONpz+4qB55kZuJzyJOhn6MSy/YZdzhdnumegNzVTL/Dn3Pp4UrVBYt1j/g=="
    },
    "vue-waterfall-easy": {
      "version": "2.4.3",
      "resolved": "https://registry.npmjs.org/vue-waterfall-easy/-/vue-waterfall-easy-2.4.3.tgz",
      "integrity": "sha512-239kiGvBh2Ig8cNJySslrMTnry8lySCGKjkI4NeSnFfyEpM0iFM6IatF+Dq+s+RubhOJjtVY4qjzg3jJdrvqLA==",
      "dev": true
    },
    "webpack-node-externals": {
      "version": "1.7.2",
      "resolved": "https://registry.npmjs.org/webpack-node-externals/-/webpack-node-externals-1.7.2.tgz",
      "integrity": "sha512-ajerHZ+BJKeCLviLUUmnyd5B4RavLF76uv3cs6KNuO8W+HuQaEs0y0L7o40NQxdPy5w0pcv8Ew7yPUAQG0UdCg=="
    },
    "zrender": {
      "version": "4.0.5",
      "resolved": "https://registry.npmjs.org/zrender/-/zrender-4.0.5.tgz",
      "integrity": "sha512-SintgipGEJPT9Sz2ABRoE4ZD7Yzy7oR7j7KP6H+C9FlbHWnLUfGVK7E8UV27pGwlxAMB0EsnrqhXx5XjAfv/KA=="
    }
  }
}
